
Microsoft Visual Studio Solution File, Format Version 11.00
# Visual Studio 2010
Project("{FAE04EC0-301F-11D3-BF4B-00C04F79EFBC}") = "ResumeFilterGUI", "ResumeFilterGUI\ResumeFilterGUI.csproj", "{7C0D75D4-C59B-4514-9897-4153AA0F3766}"
EndProject
Global
	GlobalSection(SolutionConfigurationPlatforms) = preSolution
		Debug|x86 = Debug|x86
		Release|x86 = Release|x86
	EndGlobalSection
	GlobalSection(ProjectConfigurationPlatforms) = postSolution
		{7C0D75D4-C59B-4514-9897-4153AA0F3766}.Debug|x86.ActiveCfg = Debug|x86
		{7C0D75D4-C59B-4514-9897-4153AA0F3766}.Debug|x86.Build.0 = Debug|x86
		{7C0D75D4-C59B-4514-9897-4153AA0F3766}.Release|x86.ActiveCfg = Release|x86
		{7C0D75D4-C59B-4514-9897-4153AA0F3766}.Release|x86.Build.0 = Release|x86
	EndGlobalSection
	GlobalSection(SolutionProperties) = preSolution
		HideSolutionNode = FALSE
	EndGlobalSection
EndGlobal
